{
  "name": "skylark-widgets-base",
  "version": "0.9.0",
  "lockfileVersion": 1,
  "requires": true,
  "dependencies": {
    "skylark-domx-browser": {
      "version": "git+https://github.com/skylark-domx/skylark-domx-browser.git#3ed8034f5b1c6d816dbdf0eeaab672a6093a15e6",
      "from": "git+https://github.com/skylark-domx/skylark-domx-browser.git#master",
      "dev": true,
      "requires": {
        "skylark-langx": "git+https://github.com/skylarklangx/skylark-langx.git#master"
      }
    },
    "skylark-domx-css": {
      "version": "git+https://github.com/skylark-domx/skylark-domx-css.git#b7b75e9280e4a34f61437112eb124636bab5d10c",
      "from": "git+https://github.com/skylark-domx/skylark-domx-css.git#master",
      "dev": true,
      "requires": {
        "skylark-domx-noder": "git+https://github.com/skylark-domx/skylark-domx-noder.git#master",
        "skylark-langx": "git+https://github.com/skylarklangx/skylark-langx.git#master"
      }
    },
    "skylark-domx-data": {
      "version": "git+https://github.com/skylark-domx/skylark-domx-data.git#c334621de88448f193e64a1069ff6656b03e942e",
      "from": "git+https://github.com/skylark-domx/skylark-domx-data.git#master",
      "dev": true,
      "requires": {
        "skylark-domx-finder": "git+https://github.com/skylark-domx/skylark-domx-finder.git#master",
        "skylark-domx-noder": "git+https://github.com/skylark-domx/skylark-domx-noder.git#master",
        "skylark-langx": "git+https://github.com/skylarklangx/skylark-langx.git#master"
      }
    },
    "skylark-domx-eventer": {
      "version": "git+https://github.com/skylark-domx/skylark-domx-eventer.git#47e39f9863b5eebe5c0991683569d8604531a9bf",
      "from": "git+https://github.com/skylark-domx/skylark-domx-eventer.git#master",
      "dev": true,
      "requires": {
        "skylark-domx-browser": "git+https://github.com/skylark-domx/skylark-domx-browser.git#master",
        "skylark-domx-data": "git+https://github.com/skylark-domx/skylark-domx-data.git#master",
        "skylark-domx-finder": "git+https://github.com/skylark-domx/skylark-domx-finder.git#master",
        "skylark-domx-noder": "git+https://github.com/skylark-domx/skylark-domx-noder.git#master",
        "skylark-langx": "git+https://github.com/skylarklangx/skylark-langx.git#master"
      }
    },
    "skylark-domx-finder": {
      "version": "git+https://github.com/skylark-domx/skylark-domx-finder.git#e4282e94503945f2abf76391699a12f92ca5cb98",
      "from": "git+https://github.com/skylark-domx/skylark-domx-finder.git#master",
      "dev": true,
      "requires": {
        "skylark-domx-browser": "git+https://github.com/skylark-domx/skylark-domx-browser.git#master",
        "skylark-domx-noder": "git+https://github.com/skylark-domx/skylark-domx-noder.git#master",
        "skylark-langx": "git+https://github.com/skylarklangx/skylark-langx.git#master"
      }
    },
    "skylark-domx-fx": {
      "version": "git+https://github.com/skylark-domx/skylark-domx-fx.git#13ef04c86855a2a0b935e2ae74cfcd9982e538c6",
      "from": "git+https://github.com/skylark-domx/skylark-domx-fx.git#master",
      "dev": true,
      "requires": {
        "skylark-domx-browser": "git+https://github.com/skylark-domx/skylark-domx-browser.git#master",
        "skylark-domx-eventer": "git+https://github.com/skylark-domx/skylark-domx-eventer.git#master",
        "skylark-domx-geom": "git+https://github.com/skylark-domx/skylark-domx-geom.git#master",
        "skylark-domx-styler": "git+https://github.com/skylark-domx/skylark-domx-styler.git#master",
        "skylark-langx": "git+https://github.com/skylarklangx/skylark-langx.git#master"
      }
    },
    "skylark-domx-geom": {
      "version": "git+https://github.com/skylark-domx/skylark-domx-geom.git#5f573bf0c69dfbe16fd183fdd59c56a64fa2d35b",
      "from": "git+https://github.com/skylark-domx/skylark-domx-geom.git#master",
      "dev": true,
      "requires": {
        "skylark-domx-noder": "git+https://github.com/skylark-domx/skylark-domx-noder.git#master",
        "skylark-domx-styler": "git+https://github.com/skylark-domx/skylark-domx-styler.git#master",
        "skylark-langx": "git+https://github.com/skylarklangx/skylark-langx.git#master"
      }
    },
    "skylark-domx-images": {
      "version": "git+https://github.com/skylark-domx/skylark-domx-images.git#d39a90d9649dad4af5fd1bcbb50eca91844de828",
      "from": "git+https://github.com/skylark-domx/skylark-domx-images.git#master",
      "dev": true,
      "requires": {
        "skylark-domx-data": "git+https://github.com/skylark-domx/skylark-domx-data.git#master",
        "skylark-domx-eventer": "git+https://github.com/skylark-domx/skylark-domx-eventer.git#master",
        "skylark-domx-finder": "git+https://github.com/skylark-domx/skylark-domx-finder.git#master",
        "skylark-domx-geom": "git+https://github.com/skylark-domx/skylark-domx-geom.git#master",
        "skylark-domx-noder": "git+https://github.com/skylark-domx/skylark-domx-noder.git#master",
        "skylark-domx-query": "git+https://github.com/skylark-domx/skylark-domx-query.git#master",
        "skylark-domx-styler": "git+https://github.com/skylark-domx/skylark-domx-styler.git#master",
        "skylark-domx-transforms": "git+https://github.com/skylark-domx/skylark-domx-transforms.git#master",
        "skylark-langx": "git+https://github.com/skylarklangx/skylark-langx.git#master"
      }
    },
    "skylark-domx-noder": {
      "version": "git+https://github.com/skylark-domx/skylark-domx-noder.git#c7d244b843af28c6a7a278e6d7fa648a6035283b",
      "from": "git+https://github.com/skylark-domx/skylark-domx-noder.git#master",
      "dev": true,
      "requires": {
        "skylark-domx-browser": "git+https://github.com/skylark-domx/skylark-domx-browser.git#master",
        "skylark-domx-styler": "git+https://github.com/skylark-domx/skylark-domx-styler.git#master",
        "skylark-langx": "git+https://github.com/skylarklangx/skylark-langx.git#master"
      }
    },
    "skylark-domx-plugins": {
      "version": "git+https://github.com/skylark-domx/skylark-domx-plugins.git#82bd9bd566ec043a145ffa2ca42fd848c39039f6",
      "from": "git+https://github.com/skylark-domx/skylark-domx-plugins.git#master",
      "dev": true,
      "requires": {
        "skylark-domx-data": "git+https://github.com/skylark-domx/skylark-domx-data.git#master",
        "skylark-domx-eventer": "git+https://github.com/skylark-domx/skylark-domx-eventer.git#master",
        "skylark-domx-finder": "git+https://github.com/skylark-domx/skylark-domx-finder.git#master",
        "skylark-domx-fx": "git+https://github.com/skylark-domx/skylark-domx-fx.git#master",
        "skylark-domx-geom": "git+https://github.com/skylark-domx/skylark-domx-geom.git#master",
        "skylark-domx-noder": "git+https://github.com/skylark-domx/skylark-domx-noder.git#master",
        "skylark-domx-query": "git+https://github.com/skylark-domx/skylark-domx-query.git#master",
        "skylark-domx-styler": "git+https://github.com/skylark-domx/skylark-domx-styler.git#master",
        "skylark-domx-velm": "git+https://github.com/skylark-domx/skylark-domx-velm.git#master",
        "skylark-langx": "git+https://github.com/skylarklangx/skylark-langx.git#master"
      }
    },
    "skylark-domx-query": {
      "version": "git+https://github.com/skylark-domx/skylark-domx-query.git#b798f0511611916883c5c380687e230d06164a52",
      "from": "git+https://github.com/skylark-domx/skylark-domx-query.git#master",
      "dev": true,
      "requires": {
        "skylark-domx-browser": "git+https://github.com/skylark-domx/skylark-domx-browser.git#master",
        "skylark-domx-data": "git+https://github.com/skylark-domx/skylark-domx-data.git#master",
        "skylark-domx-eventer": "git+https://github.com/skylark-domx/skylark-domx-eventer.git#master",
        "skylark-domx-finder": "git+https://github.com/skylark-domx/skylark-domx-finder.git#master",
        "skylark-domx-fx": "git+https://github.com/skylark-domx/skylark-domx-fx.git#master",
        "skylark-domx-geom": "git+https://github.com/skylark-domx/skylark-domx-geom.git#master",
        "skylark-domx-noder": "git+https://github.com/skylark-domx/skylark-domx-noder.git#master",
        "skylark-domx-scripter": "git+https://github.com/skylark-domx/skylark-domx-scripter.git#master",
        "skylark-domx-styler": "git+https://github.com/skylark-domx/skylark-domx-styler.git#master",
        "skylark-langx": "git+https://github.com/skylarklangx/skylark-langx.git#master"
      }
    },
    "skylark-domx-scripter": {
      "version": "git+https://github.com/skylark-domx/skylark-domx-scripter.git#4893bdcea15bf554a596e13476014de8da003c9c",
      "from": "git+https://github.com/skylark-domx/skylark-domx-scripter.git#master",
      "dev": true,
      "requires": {
        "skylark-domx-finder": "git+https://github.com/skylark-domx/skylark-domx-finder.git#master",
        "skylark-domx-noder": "git+https://github.com/skylark-domx/skylark-domx-noder.git#master",
        "skylark-langx": "git+https://github.com/skylarklangx/skylark-langx.git#master"
      }
    },
    "skylark-domx-styler": {
      "version": "git+https://github.com/skylark-domx/skylark-domx-styler.git#9ab085ad205aa801bf6ed9007ac54c50e268f63d",
      "from": "git+https://github.com/skylark-domx/skylark-domx-styler.git#master",
      "dev": true,
      "requires": {
        "skylark-langx": "git+https://github.com/skylarklangx/skylark-langx.git#master"
      }
    },
    "skylark-domx-tables": {
      "version": "git+https://github.com/skylark-domx/skylark-domx-tables.git#4b2fa463631421bb4e9a2846a48135af4f71fc5a",
      "from": "git+https://github.com/skylark-domx/skylark-domx-tables.git#master",
      "dev": true,
      "requires": {
        "skylark-domx-query": "git+https://github.com/skylark-domx/skylark-domx-query.git#master",
        "skylark-langx": "git+https://github.com/skylarklangx/skylark-langx.git#master"
      }
    },
    "skylark-domx-transforms": {
      "version": "git+https://github.com/skylark-domx/skylark-domx-transforms.git#b6e9d47a018251bf051a4ae5419685d66766590c",
      "from": "git+https://github.com/skylark-domx/skylark-domx-transforms.git#master",
      "dev": true,
      "requires": {
        "skylark-domx-browser": "git+https://github.com/skylark-domx/skylark-domx-browser.git#master",
        "skylark-domx-data": "git+https://github.com/skylark-domx/skylark-domx-data.git#master",
        "skylark-domx-noder": "git+https://github.com/skylark-domx/skylark-domx-noder.git#master",
        "skylark-langx": "git+https://github.com/skylarklangx/skylark-langx.git#master"
      }
    },
    "skylark-domx-velm": {
      "version": "git+https://github.com/skylark-domx/skylark-domx-velm.git#b42badda6cd1a9ddbec926a8436690a1b2c9a012",
      "from": "git+https://github.com/skylark-domx/skylark-domx-velm.git#master",
      "dev": true,
      "requires": {
        "skylark-domx-data": "git+https://github.com/skylark-domx/skylark-domx-data.git#master",
        "skylark-domx-eventer": "git+https://github.com/skylark-domx/skylark-domx-eventer.git#master",
        "skylark-domx-finder": "git+https://github.com/skylark-domx/skylark-domx-finder.git#master",
        "skylark-domx-fx": "git+https://github.com/skylark-domx/skylark-domx-fx.git#master",
        "skylark-domx-geom": "git+https://github.com/skylark-domx/skylark-domx-geom.git#master",
        "skylark-domx-noder": "git+https://github.com/skylark-domx/skylark-domx-noder.git#master",
        "skylark-domx-query": "git+https://github.com/skylark-domx/skylark-domx-query.git#master",
        "skylark-domx-styler": "git+https://github.com/skylark-domx/skylark-domx-styler.git#master",
        "skylark-langx": "git+https://github.com/skylarklangx/skylark-langx.git#master"
      }
    },
    "skylark-langx": {
      "version": "git+https://github.com/skylarklangx/skylark-langx.git#49a5ca4de8d292a0fb902564566af8e149ac4e65",
      "from": "git+https://github.com/skylarklangx/skylark-langx.git#master",
      "dev": true
    },
    "skylark-utils-dom": {
      "version": "git+https://github.com/skylarkutils/skylark-utils-dom.git#31501c529ae7623762352c658c02e4703a82891d",
      "from": "git+https://github.com/skylarkutils/skylark-utils-dom.git#master",
      "dev": true,
      "requires": {
        "skylark-domx-browser": "git+https://github.com/skylark-domx/skylark-domx-browser.git#master",
        "skylark-domx-css": "git+https://github.com/skylark-domx/skylark-domx-css.git#master",
        "skylark-domx-data": "git+https://github.com/skylark-domx/skylark-domx-data.git#master",
        "skylark-domx-eventer": "git+https://github.com/skylark-domx/skylark-domx-eventer.git#master",
        "skylark-domx-finder": "git+https://github.com/skylark-domx/skylark-domx-finder.git#master",
        "skylark-domx-fx": "git+https://github.com/skylark-domx/skylark-domx-fx.git#master",
        "skylark-domx-geom": "git+https://github.com/skylark-domx/skylark-domx-geom.git#master",
        "skylark-domx-images": "git+https://github.com/skylark-domx/skylark-domx-images.git#master",
        "skylark-domx-noder": "git+https://github.com/skylark-domx/skylark-domx-noder.git#master",
        "skylark-domx-plugins": "git+https://github.com/skylark-domx/skylark-domx-plugins.git#master",
        "skylark-domx-query": "git+https://github.com/skylark-domx/skylark-domx-query.git#master",
        "skylark-domx-scripter": "git+https://github.com/skylark-domx/skylark-domx-scripter.git#master",
        "skylark-domx-styler": "git+https://github.com/skylark-domx/skylark-domx-styler.git#master",
        "skylark-domx-tables": "git+https://github.com/skylark-domx/skylark-domx-tables.git#master",
        "skylark-domx-transforms": "git+https://github.com/skylark-domx/skylark-domx-transforms.git#master",
        "skylark-domx-velm": "git+https://github.com/skylark-domx/skylark-domx-velm.git#master",
        "skylark-langx": "git+https://github.com/skylarklangx/skylark-langx.git#master"
      }
    }
  }
}
