{
  "name": "skylark-ui-commands",
  "version": "0.9.0",
  "lockfileVersion": 1,
  "requires": true,
  "dependencies": {
    "skylark-langx": {
      "version": "git+https://github.com/skylarklangx/skylark-langx.git#49a5ca4de8d292a0fb902564566af8e149ac4e65",
      "from": "git+https://github.com/skylarklangx/skylark-langx.git#master",
      "dev": true
    }
  }
}
